PODS:
  - SwiftyRatingsView (1.0.7)

DEPENDENCIES:
  - SwiftyRatingsView

SPEC REPOS:
  https://github.com/cocoapods/specs.git:
    - SwiftyRatingsView

SPEC CHECKSUMS:
  SwiftyRatingsView: 639d6906b40866504281847dc607fa70cc0d0858

PODFILE CHECKSUM: 0d1cb8771820ec98d43158432b0e67931a8beebb

COCOAPODS: 1.5.2
