PODS:
  - SwiftyRatingsView (1.0.8)

DEPENDENCIES:
  - SwiftyRatingsView

SPEC REPOS:
  https://github.com/cocoapods/specs.git:
    - SwiftyRatingsView

SPEC CHECKSUMS:
  SwiftyRatingsView: 23e0ba916f678ed1885942472de286346276f8a7

PODFILE CHECKSUM: 0d1cb8771820ec98d43158432b0e67931a8beebb

COCOAPODS: 1.5.2
