// !$*UTF8*$!
{
	archiveVersion = 1;
	classes = {
	};
	objectVersion = 50;
	objects = {

/* Begin PBXBuildFile section */
		B40E131A215C06FA0039A50A /* AppDelegate.swift in Sources */ = {isa = PBXBuildFile; fileRef = B40E1319215C06FA0039A50A /* AppDelegate.swift */; };
		B40E131C215C06FA0039A50A /* ViewController.swift in Sources */ = {isa = PBXBuildFile; fileRef = B40E131B215C06FA0039A50A /* ViewController.swift */; };
		B40E131F215C06FA0039A50A /* Main.storyboard in Resources */ = {isa = PBXBuildFile; fileRef = B40E131D215C06FA0039A50A /* Main.storyboard */; };
		B40E1321215C06FC0039A50A /* Assets.xcassets in Resources */ = {isa = PBXBuildFile; fileRef = B40E1320215C06FC0039A50A /* Assets.xcassets */; };
		B40E1324215C06FC0039A50A /* LaunchScreen.storyboard in Resources */ = {isa = PBXBuildFile; fileRef = B40E1322215C06FC0039A50A /* LaunchScreen.storyboard */; };
		B40E132F215C06FC0039A50A /* RatingsExampleUITests.swift in Sources */ = {isa = PBXBuildFile; fileRef = B40E132E215C06FC0039A50A /* RatingsExampleUITests.swift */; };
		B40E136C215C220A0039A50A /* SwiftyRatingsView.framework in Frameworks */ = {isa = PBXBuildFile; fileRef = B40E136A215C22000039A50A /* SwiftyRatingsView.framework */; };
		B40E136D215C220A0039A50A /* SwiftyRatingsView.framework in Embed Frameworks */ = {isa = PBXBuildFile; fileRef = B40E136A215C22000039A50A /* SwiftyRatingsView.framework */; settings = {ATTRIBUTES = (CodeSignOnCopy, RemoveHeadersOnCopy, ); }; };
/* End PBXBuildFile section */

/* Begin PBXContainerItemProxy section */
		B40E132B215C06FC0039A50A /* PBXContainerItemProxy */ = {
			isa = PBXContainerItemProxy;
			containerPortal = B40E130E215C06FA0039A50A /* Project object */;
			proxyType = 1;
			remoteGlobalIDString = B40E1315215C06FA0039A50A;
			remoteInfo = RatingsExample;
		};
/* End PBXContainerItemProxy section */

/* Begin PBXCopyFilesBuildPhase section */
		B40E136E215C220A0039A50A /* Embed Frameworks */ = {
			isa = PBXCopyFilesBuildPhase;
			buildActionMask = 2147483647;
			dstPath = "";
			dstSubfolderSpec = 10;
			files = (
				B40E136D215C220A0039A50A /* SwiftyRatingsView.framework in Embed Frameworks */,
			);
			name = "Embed Frameworks";
			runOnlyForDeploymentPostprocessing = 0;
		};
/* End PBXCopyFilesBuildPhase section */

/* Begin PBXFileReference section */
		B40E1316215C06FA0039A50A /* RatingsExample.app */ = {isa = PBXFileReference; explicitFileType = wrapper.application; includeInIndex = 0; path = RatingsExample.app; sourceTree = BUILT_PRODUCTS_DIR; };
		B40E1319215C06FA0039A50A /* AppDelegate.swift */ = {isa = PBXFileReference; lastKnownFileType = sourcecode.swift; path = AppDelegate.swift; sourceTree = "<group>"; };
		B40E131B215C06FA0039A50A /* ViewController.swift */ = {isa = PBXFileReference; lastKnownFileType = sourcecode.swift; path = ViewController.swift; sourceTree = "<group>"; };
		B40E131E215C06FA0039A50A /* Base */ = {isa = PBXFileReference; lastKnownFileType = file.storyboard; name = Base; path = Base.lproj/Main.storyboard; sourceTree = "<group>"; };
		B40E1320215C06FC0039A50A /* Assets.xcassets */ = {isa = PBXFileReference; lastKnownFileType = folder.assetcatalog; path = Assets.xcassets; sourceTree = "<group>"; };
		B40E1323215C06FC0039A50A /* Base */ = {isa = PBXFileReference; lastKnownFileType = file.storyboard; name = Base; path = Base.lproj/LaunchScreen.storyboard; sourceTree = "<group>"; };
		B40E1325215C06FC0039A50A /* Info.plist */ = {isa = PBXFileReference; lastKnownFileType = text.plist.xml; path = Info.plist; sourceTree = "<group>"; };
		B40E132A215C06FC0039A50A /* RatingsExampleUITests.xctest */ = {isa = PBXFileReference; explicitFileType = wrapper.cfbundle; includeInIndex = 0; path = RatingsExampleUITests.xctest; sourceTree = BUILT_PRODUCTS_DIR; };
		B40E132E215C06FC0039A50A /* RatingsExampleUITests.swift */ = {isa = PBXFileReference; lastKnownFileType = sourcecode.swift; path = RatingsExampleUITests.swift; sourceTree = "<group>"; };
		B40E1330215C06FC0039A50A /* Info.plist */ = {isa = PBXFileReference; lastKnownFileType = text.plist.xml; path = Info.plist; sourceTree = "<group>"; };
		B40E136A215C22000039A50A /* SwiftyRatingsView.framework */ = {isa = PBXFileReference; lastKnownFileType = wrapper.framework; path = SwiftyRatingsView.framework; sourceTree = "<group>"; };
/* End PBXFileReference section */

/* Begin PBXFrameworksBuildPhase section */
		B40E1313215C06FA0039A50A /* Frameworks */ = {
			isa = PBXFrameworksBuildPhase;
			buildActionMask = 2147483647;
			files = (
				B40E136C215C220A0039A50A /* SwiftyRatingsView.framework in Frameworks */,
			);
			runOnlyForDeploymentPostprocessing = 0;
		};
		B40E1327215C06FC0039A50A /* Frameworks */ = {
			isa = PBXFrameworksBuildPhase;
			buildActionMask = 2147483647;
			files = (
			);
			runOnlyForDeploymentPostprocessing = 0;
		};
/* End PBXFrameworksBuildPhase section */

/* Begin PBXGroup section */
		B40E130D215C06FA0039A50A = {
			isa = PBXGroup;
			children = (
				B40E1318215C06FA0039A50A /* RatingsExample */,
				B40E132D215C06FC0039A50A /* RatingsExampleUITests */,
				B40E1317215C06FA0039A50A /* Products */,
			);
			sourceTree = "<group>";
		};
		B40E1317215C06FA0039A50A /* Products */ = {
			isa = PBXGroup;
			children = (
				B40E1316215C06FA0039A50A /* RatingsExample.app */,
				B40E132A215C06FC0039A50A /* RatingsExampleUITests.xctest */,
			);
			name = Products;
			sourceTree = "<group>";
		};
		B40E1318215C06FA0039A50A /* RatingsExample */ = {
			isa = PBXGroup;
			children = (
				B40E136A215C22000039A50A /* SwiftyRatingsView.framework */,
				B40E1319215C06FA0039A50A /* AppDelegate.swift */,
				B40E131B215C06FA0039A50A /* ViewController.swift */,
				B40E131D215C06FA0039A50A /* Main.storyboard */,
				B40E1320215C06FC0039A50A /* Assets.xcassets */,
				B40E1322215C06FC0039A50A /* LaunchScreen.storyboard */,
				B40E1325215C06FC0039A50A /* Info.plist */,
			);
			path = RatingsExample;
			sourceTree = "<group>";
		};
		B40E132D215C06FC0039A50A /* RatingsExampleUITests */ = {
			isa = PBXGroup;
			children = (
				B40E132E215C06FC0039A50A /* RatingsExampleUITests.swift */,
				B40E1330215C06FC0039A50A /* Info.plist */,
			);
			path = RatingsExampleUITests;
			sourceTree = "<group>";
		};
/* End PBXGroup section */

/* Begin PBXNativeTarget section */
		B40E1315215C06FA0039A50A /* RatingsExample */ = {
			isa = PBXNativeTarget;
			buildConfigurationList = B40E1333215C06FC0039A50A /* Build configuration list for PBXNativeTarget "RatingsExample" */;
			buildPhases = (
				B40E1312215C06FA0039A50A /* Sources */,
				B40E1313215C06FA0039A50A /* Frameworks */,
				B40E1314215C06FA0039A50A /* Resources */,
				B40E136E215C220A0039A50A /* Embed Frameworks */,
			);
			buildRules = (
			);
			dependencies = (
			);
			name = RatingsExample;
			productName = RatingsExample;
			productReference = B40E1316215C06FA0039A50A /* RatingsExample.app */;
			productType = "com.apple.product-type.application";
		};
		B40E1329215C06FC0039A50A /* RatingsExampleUITests */ = {
			isa = PBXNativeTarget;
			buildConfigurationList = B40E1336215C06FC0039A50A /* Build configuration list for PBXNativeTarget "RatingsExampleUITests" */;
			buildPhases = (
				B40E1326215C06FC0039A50A /* Sources */,
				B40E1327215C06FC0039A50A /* Frameworks */,
				B40E1328215C06FC0039A50A /* Resources */,
			);
			buildRules = (
			);
			dependencies = (
				B40E132C215C06FC0039A50A /* PBXTargetDependency */,
			);
			name = RatingsExampleUITests;
			productName = RatingsExampleUITests;
			productReference = B40E132A215C06FC0039A50A /* RatingsExampleUITests.xctest */;
			productType = "com.apple.product-type.bundle.ui-testing";
		};
/* End PBXNativeTarget section */

/* Begin PBXProject section */
		B40E130E215C06FA0039A50A /* Project object */ = {
			isa = PBXProject;
			attributes = {
				LastSwiftUpdateCheck = 1000;
				LastUpgradeCheck = 1000;
				ORGANIZATIONNAME = Dominik;
				TargetAttributes = {
					B40E1315215C06FA0039A50A = {
						CreatedOnToolsVersion = 10.0;
					};
					B40E1329215C06FC0039A50A = {
						CreatedOnToolsVersion = 10.0;
						TestTargetID = B40E1315215C06FA0039A50A;
					};
				};
			};
			buildConfigurationList = B40E1311215C06FA0039A50A /* Build configuration list for PBXProject "RatingsExample" */;
			compatibilityVersion = "Xcode 9.3";
			developmentRegion = en;
			hasScannedForEncodings = 0;
			knownRegions = (
				en,
				Base,
			);
			mainGroup = B40E130D215C06FA0039A50A;
			productRefGroup = B40E1317215C06FA0039A50A /* Products */;
			projectDirPath = "";
			projectRoot = "";
			targets = (
				B40E1315215C06FA0039A50A /* RatingsExample */,
				B40E1329215C06FC0039A50A /* RatingsExampleUITests */,
			);
		};
/* End PBXProject section */

/* Begin PBXResourcesBuildPhase section */
		B40E1314215C06FA0039A50A /* Resources */ = {
			isa = PBXResourcesBuildPhase;
			buildActionMask = 2147483647;
			files = (
				B40E1324215C06FC0039A50A /* LaunchScreen.storyboard in Resources */,
				B40E1321215C06FC0039A50A /* Assets.xcassets in Resources */,
				B40E131F215C06FA0039A50A /* Main.storyboard in Resources */,
			);
			runOnlyForDeploymentPostprocessing = 0;
		};
		B40E1328215C06FC0039A50A /* Resources */ = {
			isa = PBXResourcesBuildPhase;
			buildActionMask = 2147483647;
			files = (
			);
			runOnlyForDeploymentPostprocessing = 0;
		};
/* End PBXResourcesBuildPhase section */

/* Begin PBXSourcesBuildPhase section */
		B40E1312215C06FA0039A50A /* Sources */ = {
			isa = PBXSourcesBuildPhase;
			buildActionMask = 2147483647;
			files = (
				B40E131C215C06FA0039A50A /* ViewController.swift in Sources */,
				B40E131A215C06FA0039A50A /* AppDelegate.swift in Sources */,
			);
			runOnlyForDeploymentPostprocessing = 0;
		};
		B40E1326215C06FC0039A50A /* Sources */ = {
			isa = PBXSourcesBuildPhase;
			buildActionMask = 2147483647;
			files = (
				B40E132F215C06FC0039A50A /* RatingsExampleUITests.swift in Sources */,
			);
			runOnlyForDeploymentPostprocessing = 0;
		};
/* End PBXSourcesBuildPhase section */

/* Begin PBXTargetDependency section */
		B40E132C215C06FC0039A50A /* PBXTargetDependency */ = {
			isa = PBXTargetDependency;
			target = B40E1315215C06FA0039A50A /* RatingsExample */;
			targetProxy = B40E132B215C06FC0039A50A /* PBXContainerItemProxy */;
		};
/* End PBXTargetDependency section */

/* Begin PBXVariantGroup section */
		B40E131D215C06FA0039A50A /* Main.storyboard */ = {
			isa = PBXVariantGroup;
			children = (
				B40E131E215C06FA0039A50A /* Base */,
			);
			name = Main.storyboard;
			sourceTree = "<group>";
		};
		B40E1322215C06FC0039A50A /* LaunchScreen.storyboard */ = {
			isa = PBXVariantGroup;
			children = (
				B40E1323215C06FC0039A50A /* Base */,
			);
			name = LaunchScreen.storyboard;
			sourceTree = "<group>";
		};
/* End PBXVariantGroup section */

/* Begin XCBuildConfiguration section */
		B40E1331215C06FC0039A50A /* Debug */ = {
			isa = XCBuildConfiguration;
			buildSettings = {
				ALWAYS_SEARCH_USER_PATHS = NO;
				CLANG_ANALYZER_NONNULL = YES;
				CLANG_ANALYZER_NUMBER_OBJECT_CONVERSION = YES_AGGRESSIVE;
				CLANG_CXX_LANGUAGE_STANDARD = "gnu++14";
				CLANG_CXX_LIBRARY = "libc++";
				CLANG_ENABLE_MODULES = YES;
				CLANG_ENABLE_OBJC_ARC = YES;
				CLANG_ENABLE_OBJC_WEAK = YES;
				CLANG_WARN_BLOCK_CAPTURE_AUTORELEASING = YES;
				CLANG_WARN_BOOL_CONVERSION = YES;
				CLANG_WARN_COMMA = YES;
				CLANG_WARN_CONSTANT_CONVERSION = YES;
				CLANG_WARN_DEPRECATED_OBJC_IMPLEMENTATIONS = YES;
				CLANG_WARN_DIRECT_OBJC_ISA_USAGE = YES_ERROR;
				CLANG_WARN_DOCUMENTATION_COMMENTS = YES;
				CLANG_WARN_EMPTY_BODY = YES;
				CLANG_WARN_ENUM_CONVERSION = YES;
				CLANG_WARN_INFINITE_RECURSION = YES;
				CLANG_WARN_INT_CONVERSION = YES;
				CLANG_WARN_NON_LITERAL_NULL_CONVERSION = YES;
				CLANG_WARN_OBJC_IMPLICIT_RETAIN_SELF = YES;
				CLANG_WARN_OBJC_LITERAL_CONVERSION = YES;
				CLANG_WARN_OBJC_ROOT_CLASS = YES_ERROR;
				CLANG_WARN_RANGE_LOOP_ANALYSIS = YES;
				CLANG_WARN_STRICT_PROTOTYPES = YES;
				CLANG_WARN_SUSPICIOUS_MOVE = YES;
				CLANG_WARN_UNGUARDED_AVAILABILITY = YES_AGGRESSIVE;
				CLANG_WARN_UNREACHABLE_CODE = YES;
				CLANG_WARN__DUPLICATE_METHOD_MATCH = YES;
				CODE_SIGN_IDENTITY = "iPhone Developer";
				COPY_PHASE_STRIP = NO;
				DEBUG_INFORMATION_FORMAT = dwarf;
				ENABLE_STRICT_OBJC_MSGSEND = YES;
				ENABLE_TESTABILITY = YES;
				GCC_C_LANGUAGE_STANDARD = gnu11;
				GCC_DYNAMIC_NO_PIC = NO;
				GCC_NO_COMMON_BLOCKS = YES;
				GCC_OPTIMIZATION_LEVEL = 0;
				GCC_PREPROCESSOR_DEFINITIONS = (
					"DEBUG=1",
					"$(inherited)",
				);
				GCC_WARN_64_TO_32_BIT_CONVERSION = YES;
				GCC_WARN_ABOUT_RETURN_TYPE = YES_ERROR;
				GCC_WARN_UNDECLARED_SELECTOR = YES;
				GCC_WARN_UNINITIALIZED_AUTOS = YES_AGGRESSIVE;
				GCC_WARN_UNUSED_FUNCTION = YES;
				GCC_WARN_UNUSED_VARIABLE = YES;
				IPHONEOS_DEPLOYMENT_TARGET = 11.4;
				MTL_ENABLE_DEBUG_INFO = INCLUDE_SOURCE;
				MTL_FAST_MATH = YES;
				ONLY_ACTIVE_ARCH = YES;
				SDKROOT = iphoneos;
				SWIFT_ACTIVE_COMPILATION_CONDITIONS = DEBUG;
				SWIFT_OPTIMIZATION_LEVEL = "-Onone";
			};
			name = Debug;
		};
		B40E1332215C06FC0039A50A /* Release */ = {
			isa = XCBuildConfiguration;
			buildSettings = {
				ALWAYS_SEARCH_USER_PATHS = NO;
				CLANG_ANALYZER_NONNULL = YES;
				CLANG_ANALYZER_NUMBER_OBJECT_CONVERSION = YES_AGGRESSIVE;
				CLANG_CXX_LANGUAGE_STANDARD = "gnu++14";
				CLANG_CXX_LIBRARY = "libc++";
				CLANG_ENABLE_MODULES = YES;
				CLANG_ENABLE_OBJC_ARC = YES;
				CLANG_ENABLE_OBJC_WEAK = YES;
				CLANG_WARN_BLOCK_CAPTURE_AUTORELEASING = YES;
				CLANG_WARN_BOOL_CONVERSION = YES;
				CLANG_WARN_COMMA = YES;
				CLANG_WARN_CONSTANT_CONVERSION = YES;
				CLANG_WARN_DEPRECATED_OBJC_IMPLEMENTATIONS = YES;
				CLANG_WARN_DIRECT_OBJC_ISA_USAGE = YES_ERROR;
				CLANG_WARN_DOCUMENTATION_COMMENTS = YES;
				CLANG_WARN_EMPTY_BODY = YES;
				CLANG_WARN_ENUM_CONVERSION = YES;
				CLANG_WARN_INFINITE_RECURSION = YES;
				CLANG_WARN_INT_CONVERSION = YES;
				CLANG_WARN_NON_LITERAL_NULL_CONVERSION = YES;
				CLANG_WARN_OBJC_IMPLICIT_RETAIN_SELF = YES;
				CLANG_WARN_OBJC_LITERAL_CONVERSION = YES;
				CLANG_WARN_OBJC_ROOT_CLASS = YES_ERROR;
				CLANG_WARN_RANGE_LOOP_ANALYSIS = YES;
				CLANG_WARN_STRICT_PROTOTYPES = YES;
				CLANG_WARN_SUSPICIOUS_MOVE = YES;
				CLANG_WARN_UNGUARDED_AVAILABILITY = YES_AGGRESSIVE;
				CLANG_WARN_UNREACHABLE_CODE = YES;
				CLANG_WARN__DUPLICATE_METHOD_MATCH = YES;
				CODE_SIGN_IDENTITY = "iPhone Developer";
				COPY_PHASE_STRIP = NO;
				DEBUG_INFORMATION_FORMAT = "dwarf-with-dsym";
				ENABLE_NS_ASSERTIONS = NO;
				ENABLE_STRICT_OBJC_MSGSEND = YES;
				GCC_C_LANGUAGE_STANDARD = gnu11;
				GCC_NO_COMMON_BLOCKS = YES;
				GCC_WARN_64_TO_32_BIT_CONVERSION = YES;
				GCC_WARN_ABOUT_RETURN_TYPE = YES_ERROR;
				GCC_WARN_UNDECLARED_SELECTOR = YES;
				GCC_WARN_UNINITIALIZED_AUTOS = YES_AGGRESSIVE;
				GCC_WARN_UNUSED_FUNCTION = YES;
				GCC_WARN_UNUSED_VARIABLE = YES;
				IPHONEOS_DEPLOYMENT_TARGET = 11.4;
				MTL_ENABLE_DEBUG_INFO = NO;
				MTL_FAST_MATH = YES;
				SDKROOT = iphoneos;
				SWIFT_COMPILATION_MODE = wholemodule;
				SWIFT_OPTIMIZATION_LEVEL = "-O";
				VALIDATE_PRODUCT = YES;
			};
			name = Release;
		};
		B40E1334215C06FC0039A50A /* Debug */ = {
			isa = XCBuildConfiguration;
			buildSettings = {
				ASSETCATALOG_COMPILER_APPICON_NAME = AppIcon;
				CODE_SIGN_STYLE = Automatic;
				FRAMEWORK_SEARCH_PATHS = (
					"$(inherited)",
					"$(PROJECT_DIR)/RatingsExample",
				);
				INFOPLIST_FILE = RatingsExample/Info.plist;
				LD_RUNPATH_SEARCH_PATHS = (
					"$(inherited)",
					"@executable_path/Frameworks",
				);
				PRODUCT_BUNDLE_IDENTIFIER = com.dominik.RatingsExample;
				PRODUCT_NAME = "$(TARGET_NAME)";
				SWIFT_VERSION = 4.2;
				TARGETED_DEVICE_FAMILY = "1,2";
			};
			name = Debug;
		};
		B40E1335215C06FC0039A50A /* Release */ = {
			isa = XCBuildConfiguration;
			buildSettings = {
				ASSETCATALOG_COMPILER_APPICON_NAME = AppIcon;
				CODE_SIGN_STYLE = Automatic;
				FRAMEWORK_SEARCH_PATHS = (
					"$(inherited)",
					"$(PROJECT_DIR)/RatingsExample",
				);
				INFOPLIST_FILE = RatingsExample/Info.plist;
				LD_RUNPATH_SEARCH_PATHS = (
					"$(inherited)",
					"@executable_path/Frameworks",
				);
				PRODUCT_BUNDLE_IDENTIFIER = com.dominik.RatingsExample;
				PRODUCT_NAME = "$(TARGET_NAME)";
				SWIFT_VERSION = 4.2;
				TARGETED_DEVICE_FAMILY = "1,2";
			};
			name = Release;
		};
		B40E1337215C06FC0039A50A /* Debug */ = {
			isa = XCBuildConfiguration;
			buildSettings = {
				ALWAYS_EMBED_SWIFT_STANDARD_LIBRARIES = YES;
				CODE_SIGN_STYLE = Automatic;
				INFOPLIST_FILE = RatingsExampleUITests/Info.plist;
				LD_RUNPATH_SEARCH_PATHS = (
					"$(inherited)",
					"@executable_path/Frameworks",
					"@loader_path/Frameworks",
				);
				PRODUCT_BUNDLE_IDENTIFIER = com.dominik.RatingsExampleUITests;
				PRODUCT_NAME = "$(TARGET_NAME)";
				SWIFT_VERSION = 4.2;
				TARGETED_DEVICE_FAMILY = "1,2";
				TEST_TARGET_NAME = RatingsExample;
			};
			name = Debug;
		};
		B40E1338215C06FC0039A50A /* Release */ = {
			isa = XCBuildConfiguration;
			buildSettings = {
				ALWAYS_EMBED_SWIFT_STANDARD_LIBRARIES = YES;
				CODE_SIGN_STYLE = Automatic;
				INFOPLIST_FILE = RatingsExampleUITests/Info.plist;
				LD_RUNPATH_SEARCH_PATHS = (
					"$(inherited)",
					"@executable_path/Frameworks",
					"@loader_path/Frameworks",
				);
				PRODUCT_BUNDLE_IDENTIFIER = com.dominik.RatingsExampleUITests;
				PRODUCT_NAME = "$(TARGET_NAME)";
				SWIFT_VERSION = 4.2;
				TARGETED_DEVICE_FAMILY = "1,2";
				TEST_TARGET_NAME = RatingsExample;
			};
			name = Release;
		};
/* End XCBuildConfiguration section */

/* Begin XCConfigurationList section */
		B40E1311215C06FA0039A50A /* Build configuration list for PBXProject "RatingsExample" */ = {
			isa = XCConfigurationList;
			buildConfigurations = (
				B40E1331215C06FC0039A50A /* Debug */,
				B40E1332215C06FC0039A50A /* Release */,
			);
			defaultConfigurationIsVisible = 0;
			defaultConfigurationName = Release;
		};
		B40E1333215C06FC0039A50A /* Build configuration list for PBXNativeTarget "RatingsExample" */ = {
			isa = XCConfigurationList;
			buildConfigurations = (
				B40E1334215C06FC0039A50A /* Debug */,
				B40E1335215C06FC0039A50A /* Release */,
			);
			defaultConfigurationIsVisible = 0;
			defaultConfigurationName = Release;
		};
		B40E1336215C06FC0039A50A /* Build configuration list for PBXNativeTarget "RatingsExampleUITests" */ = {
			isa = XCConfigurationList;
			buildConfigurations = (
				B40E1337215C06FC0039A50A /* Debug */,
				B40E1338215C06FC0039A50A /* Release */,
			);
			defaultConfigurationIsVisible = 0;
			defaultConfigurationName = Release;
		};
/* End XCConfigurationList section */
	};
	rootObject = B40E130E215C06FA0039A50A /* Project object */;
}
